
Microsoft Visual Studio Solution File, Format Version 12.00
Project("{FAE04EC0-301F-11D3-BF4B-00C04F79EFBC}") = "API", "API\API.csproj", "{4C742966-D7E7-48ED-BB84-939CE38AA063}"
EndProject
Project("{FAE04EC0-301F-11D3-BF4B-00C04F79EFBC}") = "Core", "Core\Core.csproj", "{38802B68-34EB-42C6-A9D1-76E907C9C419}"
EndProject
Project("{FAE04EC0-301F-11D3-BF4B-00C04F79EFBC}") = "Infrastructure", "Infrastructure\Infrastructure.csproj", "{4AA954B0-0DA1-4D8D-88AC-AB2B9162021A}"
EndProject
Project("{FAE04EC0-301F-11D3-BF4B-00C04F79EFBC}") = "WarningModule", "WarningModule\WarningModule.csproj", "{D4B703F8-A8FF-418A-A909-E2D9005F5141}"
EndProject
Global
	GlobalSection(SolutionConfigurationPlatforms) = preSolution
		Debug|Any CPU = Debug|Any CPU
		Release|Any CPU = Release|Any CPU
	EndGlobalSection
	GlobalSection(ProjectConfigurationPlatforms) = postSolution
		{4C742966-D7E7-48ED-BB84-939CE38AA063}.Debug|Any CPU.ActiveCfg = Debug|Any CPU
		{4C742966-D7E7-48ED-BB84-939CE38AA063}.Debug|Any CPU.Build.0 = Debug|Any CPU
		{4C742966-D7E7-48ED-BB84-939CE38AA063}.Release|Any CPU.ActiveCfg = Release|Any CPU
		{4C742966-D7E7-48ED-BB84-939CE38AA063}.Release|Any CPU.Build.0 = Release|Any CPU
		{38802B68-34EB-42C6-A9D1-76E907C9C419}.Debug|Any CPU.ActiveCfg = Debug|Any CPU
		{38802B68-34EB-42C6-A9D1-76E907C9C419}.Debug|Any CPU.Build.0 = Debug|Any CPU
		{38802B68-34EB-42C6-A9D1-76E907C9C419}.Release|Any CPU.ActiveCfg = Release|Any CPU
		{38802B68-34EB-42C6-A9D1-76E907C9C419}.Release|Any CPU.Build.0 = Release|Any CPU
		{4AA954B0-0DA1-4D8D-88AC-AB2B9162021A}.Debug|Any CPU.ActiveCfg = Debug|Any CPU
		{4AA954B0-0DA1-4D8D-88AC-AB2B9162021A}.Debug|Any CPU.Build.0 = Debug|Any CPU
		{4AA954B0-0DA1-4D8D-88AC-AB2B9162021A}.Release|Any CPU.ActiveCfg = Release|Any CPU
		{4AA954B0-0DA1-4D8D-88AC-AB2B9162021A}.Release|Any CPU.Build.0 = Release|Any CPU
		{D4B703F8-A8FF-418A-A909-E2D9005F5141}.Debug|Any CPU.ActiveCfg = Debug|Any CPU
		{D4B703F8-A8FF-418A-A909-E2D9005F5141}.Debug|Any CPU.Build.0 = Debug|Any CPU
		{D4B703F8-A8FF-418A-A909-E2D9005F5141}.Release|Any CPU.ActiveCfg = Release|Any CPU
		{D4B703F8-A8FF-418A-A909-E2D9005F5141}.Release|Any CPU.Build.0 = Release|Any CPU
	EndGlobalSection
EndGlobal
